
Microsoft Visual Studio Solution File, Format Version 12.00
# Visual Studio 15
VisualStudioVersion = 15.0.28307.168
MinimumVisualStudioVersion = 10.0.40219.1
Project("{FAE04EC0-301F-11D3-BF4B-00C04F79EFBC}") = "WindowsFormsApp3", "WindowsFormsApp3\WindowsFormsApp3.csproj", "{74847816-146D-445D-B160-7A9096D94E7B}"
EndProject
Global
	GlobalSection(SolutionConfigurationPlatforms) = preSolution
		Debug|Any CPU = Debug|Any CPU
		Release|Any CPU = Release|Any CPU
	EndGlobalSection
	GlobalSection(ProjectConfigurationPlatforms) = postSolution
		{74847816-146D-445D-B160-7A9096D94E7B}.Debug|Any CPU.ActiveCfg = Debug|Any CPU
		{74847816-146D-445D-B160-7A9096D94E7B}.Debug|Any CPU.Build.0 = Debug|Any CPU
		{74847816-146D-445D-B160-7A9096D94E7B}.Release|Any CPU.ActiveCfg = Release|Any CPU
		{74847816-146D-445D-B160-7A9096D94E7B}.Release|Any CPU.Build.0 = Release|Any CPU
	EndGlobalSection
	GlobalSection(SolutionProperties) = preSolution
		HideSolutionNode = FALSE
	EndGlobalSection
	GlobalSection(ExtensibilityGlobals) = postSolution
		SolutionGuid = {84E3B949-59F7-4C20-B13B-C7342546D0BB}
	EndGlobalSection
EndGlobal
